{
  "name": "rescript-vscode",
  "version": "0.0.25",
  "lockfileVersion": 3,
  "requires": true,
  "packages": {
    "": {
      "name": "rescript-vscode",
      "version": "0.0.25",
      "license": "MIT",
      "dependencies": {
        "rescript": "^11.1.4"
      }
    },
    "node_modules/rescript": {
      "version": "11.1.4",
      "resolved": "https://registry.npmjs.org/rescript/-/rescript-11.1.4.tgz",
      "integrity": "sha512-0bGU0bocihjSC6MsE3TMjHjY0EUpchyrREquLS8VsZ3ohSMD+VHUEwimEfB3kpBI1vYkw3UFZ3WD8R28guz/Vw==",
      "hasInstallScript": true,
      "license": "SEE LICENSE IN LICENSE",
      "bin": {
        "bsc": "bsc",
        "bstracing": "lib/bstracing",
        "rescript": "rescript"
      },
      "engines": {
        "node": ">=10"
      }
    }
  }
}
